
Microsoft Visual Studio Solution File, Format Version 12.00
# Visual Studio Version 16
VisualStudioVersion = 16.0.31624.102
MinimumVisualStudioVersion = 10.0.40219.1
Project("{FAE04EC0-301F-11D3-BF4B-00C04F79EFBC}") = "Page1", "Page1\Page1.csproj", "{7152AACF-2517-4E62-8DEB-2A8B60DC3289}"
EndProject
Global
	GlobalSection(SolutionConfigurationPlatforms) = preSolution
		Debug|Any CPU = Debug|Any CPU
		Release|Any CPU = Release|Any CPU
	EndGlobalSection
	GlobalSection(ProjectConfigurationPlatforms) = postSolution
		{7152AACF-2517-4E62-8DEB-2A8B60DC3289}.Debug|Any CPU.ActiveCfg = Debug|Any CPU
		{7152AACF-2517-4E62-8DEB-2A8B60DC3289}.Debug|Any CPU.Build.0 = Debug|Any CPU
		{7152AACF-2517-4E62-8DEB-2A8B60DC3289}.Release|Any CPU.ActiveCfg = Release|Any CPU
		{7152AACF-2517-4E62-8DEB-2A8B60DC3289}.Release|Any CPU.Build.0 = Release|Any CPU
	EndGlobalSection
	GlobalSection(SolutionProperties) = preSolution
		HideSolutionNode = FALSE
	EndGlobalSection
	GlobalSection(ExtensibilityGlobals) = postSolution
		SolutionGuid = {3611787C-29EB-4C9E-8BA6-58C09FD4EFFA}
	EndGlobalSection
EndGlobal
